
Microsoft Visual Studio Solution File, Format Version 12.00
# Visual Studio 2012
Project("{FAE04EC0-301F-11D3-BF4B-00C04F79EFBC}") = "Mongo.Entity", "Mongo.Entity\Mongo.Entity.csproj", "{3944D03A-7A68-423B-BEA6-88BB2A029305}"
EndProject
Project("{FAE04EC0-301F-11D3-BF4B-00C04F79EFBC}") = "Mongo.Entity.UnitTest", "Mongo.Entity.UnitTest\Mongo.Entity.UnitTest.csproj", "{FE9D503E-B5BC-472C-8FDA-F8B0D12DDBAF}"
EndProject
Global
	GlobalSection(SolutionConfigurationPlatforms) = preSolution
		Debug|Any CPU = Debug|Any CPU
		Release|Any CPU = Release|Any CPU
	EndGlobalSection
	GlobalSection(ProjectConfigurationPlatforms) = postSolution
		{3944D03A-7A68-423B-BEA6-88BB2A029305}.Debug|Any CPU.ActiveCfg = Debug|Any CPU
		{3944D03A-7A68-423B-BEA6-88BB2A029305}.Debug|Any CPU.Build.0 = Debug|Any CPU
		{3944D03A-7A68-423B-BEA6-88BB2A029305}.Release|Any CPU.ActiveCfg = Release|Any CPU
		{3944D03A-7A68-423B-BEA6-88BB2A029305}.Release|Any CPU.Build.0 = Release|Any CPU
		{FE9D503E-B5BC-472C-8FDA-F8B0D12DDBAF}.Debug|Any CPU.ActiveCfg = Debug|Any CPU
		{FE9D503E-B5BC-472C-8FDA-F8B0D12DDBAF}.Debug|Any CPU.Build.0 = Debug|Any CPU
		{FE9D503E-B5BC-472C-8FDA-F8B0D12DDBAF}.Release|Any CPU.ActiveCfg = Release|Any CPU
		{FE9D503E-B5BC-472C-8FDA-F8B0D12DDBAF}.Release|Any CPU.Build.0 = Release|Any CPU
	EndGlobalSection
	GlobalSection(SolutionProperties) = preSolution
		HideSolutionNode = FALSE
	EndGlobalSection
EndGlobal
